// !$*UTF8*$!
{
	archiveVersion = 1;
	classes = {
	};
	objectVersion = 50;
	objects = {

/* Begin PBXBuildFile section */
		D5562D4E22D7E60D002E31E3 /* AppDelegate.swift in Sources */ = {isa = PBXBuildFile; fileRef = D5562D4D22D7E60D002E31E3 /* AppDelegate.swift */; };
		D5562D5022D7E60D002E31E3 /* ViewController.swift in Sources */ = {isa = PBXBuildFile; fileRef = D5562D4F22D7E60D002E31E3 /* ViewController.swift */; };
		D5562D5322D7E60D002E31E3 /* Main.storyboard in Resources */ = {isa = PBXBuildFile; fileRef = D5562D5122D7E60D002E31E3 /* Main.storyboard */; };
		D5562D5622D7E60D002E31E3 /* ToDoApp.xcdatamodeld in Sources */ = {isa = PBXBuildFile; fileRef = D5562D5422D7E60D002E31E3 /* ToDoApp.xcdatamodeld */; };
		D5562D5822D7E60D002E31E3 /* Assets.xcassets in Resources */ = {isa = PBXBuildFile; fileRef = D5562D5722D7E60D002E31E3 /* Assets.xcassets */; };
		D5562D5B22D7E60D002E31E3 /* LaunchScreen.storyboard in Resources */ = {isa = PBXBuildFile; fileRef = D5562D5922D7E60D002E31E3 /* LaunchScreen.storyboard */; };
		D5562D6622D7E60D002E31E3 /* ToDoAppTests.swift in Sources */ = {isa = PBXBuildFile; fileRef = D5562D6522D7E60D002E31E3 /* ToDoAppTests.swift */; };
		D5562D7122D7E60D002E31E3 /* ToDoAppUITests.swift in Sources */ = {isa = PBXBuildFile; fileRef = D5562D7022D7E60D002E31E3 /* ToDoAppUITests.swift */; };
/* End PBXBuildFile section */

/* Begin PBXContainerItemProxy section */
		D5562D6222D7E60D002E31E3 /* PBXContainerItemProxy */ = {
			isa = PBXContainerItemProxy;
			containerPortal = D5562D4222D7E60D002E31E3 /* Project object */;
			proxyType = 1;
			remoteGlobalIDString = D5562D4922D7E60D002E31E3;
			remoteInfo = ToDoApp;
		};
		D5562D6D22D7E60D002E31E3 /* PBXContainerItemProxy */ = {
			isa = PBXContainerItemProxy;
			containerPortal = D5562D4222D7E60D002E31E3 /* Project object */;
			proxyType = 1;
			remoteGlobalIDString = D5562D4922D7E60D002E31E3;
			remoteInfo = ToDoApp;
		};
/* End PBXContainerItemProxy section */

/* Begin PBXFileReference section */
		D5562D4A22D7E60D002E31E3 /* ToDoApp.app */ = {isa = PBXFileReference; explicitFileType = wrapper.application; includeInIndex = 0; path = ToDoApp.app; sourceTree = BUILT_PRODUCTS_DIR; };
		D5562D4D22D7E60D002E31E3 /* AppDelegate.swift */ = {isa = PBXFileReference; lastKnownFileType = sourcecode.swift; path = AppDelegate.swift; sourceTree = "<group>"; };
		D5562D4F22D7E60D002E31E3 /* ViewController.swift */ = {isa = PBXFileReference; lastKnownFileType = sourcecode.swift; path = ViewController.swift; sourceTree = "<group>"; };
		D5562D5222D7E60D002E31E3 /* Base */ = {isa = PBXFileReference; lastKnownFileType = file.storyboard; name = Base; path = Base.lproj/Main.storyboard; sourceTree = "<group>"; };
		D5562D5522D7E60D002E31E3 /* ToDoApp.xcdatamodel */ = {isa = PBXFileReference; lastKnownFileType = wrapper.xcdatamodel; path = ToDoApp.xcdatamodel; sourceTree = "<group>"; };
		D5562D5722D7E60D002E31E3 /* Assets.xcassets */ = {isa = PBXFileReference; lastKnownFileType = folder.assetcatalog; path = Assets.xcassets; sourceTree = "<group>"; };
		D5562D5A22D7E60D002E31E3 /* Base */ = {isa = PBXFileReference; lastKnownFileType = file.storyboard; name = Base; path = Base.lproj/LaunchScreen.storyboard; sourceTree = "<group>"; };
		D5562D5C22D7E60D002E31E3 /* Info.plist */ = {isa = PBXFileReference; lastKnownFileType = text.plist.xml; path = Info.plist; sourceTree = "<group>"; };
		D5562D6122D7E60D002E31E3 /* ToDoAppTests.xctest */ = {isa = PBXFileReference; explicitFileType = wrapper.cfbundle; includeInIndex = 0; path = ToDoAppTests.xctest; sourceTree = BUILT_PRODUCTS_DIR; };
		D5562D6522D7E60D002E31E3 /* ToDoAppTests.swift */ = {isa = PBXFileReference; lastKnownFileType = sourcecode.swift; path = ToDoAppTests.swift; sourceTree = "<group>"; };
		D5562D6722D7E60D002E31E3 /* Info.plist */ = {isa = PBXFileReference; lastKnownFileType = text.plist.xml; path = Info.plist; sourceTree = "<group>"; };
		D5562D6C22D7E60D002E31E3 /* ToDoAppUITests.xctest */ = {isa = PBXFileReference; explicitFileType = wrapper.cfbundle; includeInIndex = 0; path = ToDoAppUITests.xctest; sourceTree = BUILT_PRODUCTS_DIR; };
		D5562D7022D7E60D002E31E3 /* ToDoAppUITests.swift */ = {isa = PBXFileReference; lastKnownFileType = sourcecode.swift; path = ToDoAppUITests.swift; sourceTree = "<group>"; };
		D5562D7222D7E60D002E31E3 /* Info.plist */ = {isa = PBXFileReference; lastKnownFileType = text.plist.xml; path = Info.plist; sourceTree = "<group>"; };
/* End PBXFileReference section */

/* Begin PBXFrameworksBuildPhase section */
		D5562D4722D7E60D002E31E3 /* Frameworks */ = {
			isa = PBXFrameworksBuildPhase;
			buildActionMask = 2147483647;
			files = (
			);
			runOnlyForDeploymentPostprocessing = 0;
		};
		D5562D5E22D7E60D002E31E3 /* Frameworks */ = {
			isa = PBXFrameworksBuildPhase;
			buildActionMask = 2147483647;
			files = (
			);
			runOnlyForDeploymentPostprocessing = 0;
		};
		D5562D6922D7E60D002E31E3 /* Frameworks */ = {
			isa = PBXFrameworksBuildPhase;
			buildActionMask = 2147483647;
			files = (
			);
			runOnlyForDeploymentPostprocessing = 0;
		};
/* End PBXFrameworksBuildPhase section */

/* Begin PBXGroup section */
		D5562D4122D7E60D002E31E3 = {
			isa = PBXGroup;
			children = (
				D5562D4C22D7E60D002E31E3 /* ToDoApp */,
				D5562D6422D7E60D002E31E3 /* ToDoAppTests */,
				D5562D6F22D7E60D002E31E3 /* ToDoAppUITests */,
				D5562D4B22D7E60D002E31E3 /* Products */,
			);
			sourceTree = "<group>";
		};
		D5562D4B22D7E60D002E31E3 /* Products */ = {
			isa = PBXGroup;
			children = (
				D5562D4A22D7E60D002E31E3 /* ToDoApp.app */,
				D5562D6122D7E60D002E31E3 /* ToDoAppTests.xctest */,
				D5562D6C22D7E60D002E31E3 /* ToDoAppUITests.xctest */,
			);
			name = Products;
			sourceTree = "<group>";
		};
		D5562D4C22D7E60D002E31E3 /* ToDoApp */ = {
			isa = PBXGroup;
			children = (
				D5562D4D22D7E60D002E31E3 /* AppDelegate.swift */,
				D5562D4F22D7E60D002E31E3 /* ViewController.swift */,
				D5562D5122D7E60D002E31E3 /* Main.storyboard */,
				D5562D5722D7E60D002E31E3 /* Assets.xcassets */,
				D5562D5922D7E60D002E31E3 /* LaunchScreen.storyboard */,
				D5562D5C22D7E60D002E31E3 /* Info.plist */,
				D5562D5422D7E60D002E31E3 /* ToDoApp.xcdatamodeld */,
			);
			path = ToDoApp;
			sourceTree = "<group>";
		};
		D5562D6422D7E60D002E31E3 /* ToDoAppTests */ = {
			isa = PBXGroup;
			children = (
				D5562D6522D7E60D002E31E3 /* ToDoAppTests.swift */,
				D5562D6722D7E60D002E31E3 /* Info.plist */,
			);
			path = ToDoAppTests;
			sourceTree = "<group>";
		};
		D5562D6F22D7E60D002E31E3 /* ToDoAppUITests */ = {
			isa = PBXGroup;
			children = (
				D5562D7022D7E60D002E31E3 /* ToDoAppUITests.swift */,
				D5562D7222D7E60D002E31E3 /* Info.plist */,
			);
			path = ToDoAppUITests;
			sourceTree = "<group>";
		};
/* End PBXGroup section */

/* Begin PBXNativeTarget section */
		D5562D4922D7E60D002E31E3 /* ToDoApp */ = {
			isa = PBXNativeTarget;
			buildConfigurationList = D5562D7522D7E60D002E31E3 /* Build configuration list for PBXNativeTarget "ToDoApp" */;
			buildPhases = (
				D5562D4622D7E60D002E31E3 /* Sources */,
				D5562D4722D7E60D002E31E3 /* Frameworks */,
				D5562D4822D7E60D002E31E3 /* Resources */,
			);
			buildRules = (
			);
			dependencies = (
			);
			name = ToDoApp;
			productName = ToDoApp;
			productReference = D5562D4A22D7E60D002E31E3 /* ToDoApp.app */;
			productType = "com.apple.product-type.application";
		};
		D5562D6022D7E60D002E31E3 /* ToDoAppTests */ = {
			isa = PBXNativeTarget;
			buildConfigurationList = D5562D7822D7E60D002E31E3 /* Build configuration list for PBXNativeTarget "ToDoAppTests" */;
			buildPhases = (
				D5562D5D22D7E60D002E31E3 /* Sources */,
				D5562D5E22D7E60D002E31E3 /* Frameworks */,
				D5562D5F22D7E60D002E31E3 /* Resources */,
			);
			buildRules = (
			);
			dependencies = (
				D5562D6322D7E60D002E31E3 /* PBXTargetDependency */,
			);
			name = ToDoAppTests;
			productName = ToDoAppTests;
			productReference = D5562D6122D7E60D002E31E3 /* ToDoAppTests.xctest */;
			productType = "com.apple.product-type.bundle.unit-test";
		};
		D5562D6B22D7E60D002E31E3 /* ToDoAppUITests */ = {
			isa = PBXNativeTarget;
			buildConfigurationList = D5562D7B22D7E60D002E31E3 /* Build configuration list for PBXNativeTarget "ToDoAppUITests" */;
			buildPhases = (
				D5562D6822D7E60D002E31E3 /* Sources */,
				D5562D6922D7E60D002E31E3 /* Frameworks */,
				D5562D6A22D7E60D002E31E3 /* Resources */,
			);
			buildRules = (
			);
			dependencies = (
				D5562D6E22D7E60D002E31E3 /* PBXTargetDependency */,
			);
			name = ToDoAppUITests;
			productName = ToDoAppUITests;
			productReference = D5562D6C22D7E60D002E31E3 /* ToDoAppUITests.xctest */;
			productType = "com.apple.product-type.bundle.ui-testing";
		};
/* End PBXNativeTarget section */

/* Begin PBXProject section */
		D5562D4222D7E60D002E31E3 /* Project object */ = {
			isa = PBXProject;
			attributes = {
				LastSwiftUpdateCheck = 1020;
				LastUpgradeCheck = 1020;
				ORGANIZATIONNAME = "Megan Wilson";
				TargetAttributes = {
					D5562D4922D7E60D002E31E3 = {
						CreatedOnToolsVersion = 10.2.1;
					};
					D5562D6022D7E60D002E31E3 = {
						CreatedOnToolsVersion = 10.2.1;
						TestTargetID = D5562D4922D7E60D002E31E3;
					};
					D5562D6B22D7E60D002E31E3 = {
						CreatedOnToolsVersion = 10.2.1;
						TestTargetID = D5562D4922D7E60D002E31E3;
					};
				};
			};
			buildConfigurationList = D5562D4522D7E60D002E31E3 /* Build configuration list for PBXProject "ToDoApp" */;
			compatibilityVersion = "Xcode 9.3";
			developmentRegion = en;
			hasScannedForEncodings = 0;
			knownRegions = (
				en,
				Base,
			);
			mainGroup = D5562D4122D7E60D002E31E3;
			productRefGroup = D5562D4B22D7E60D002E31E3 /* Products */;
			projectDirPath = "";
			projectRoot = "";
			targets = (
				D5562D4922D7E60D002E31E3 /* ToDoApp */,
				D5562D6022D7E60D002E31E3 /* ToDoAppTests */,
				D5562D6B22D7E60D002E31E3 /* ToDoAppUITests */,
			);
		};
/* End PBXProject section */

/* Begin PBXResourcesBuildPhase section */
		D5562D4822D7E60D002E31E3 /* Resources */ = {
			isa = PBXResourcesBuildPhase;
			buildActionMask = 2147483647;
			files = (
				D5562D5B22D7E60D002E31E3 /* LaunchScreen.storyboard in Resources */,
				D5562D5822D7E60D002E31E3 /* Assets.xcassets in Resources */,
				D5562D5322D7E60D002E31E3 /* Main.storyboard in Resources */,
			);
			runOnlyForDeploymentPostprocessing = 0;
		};
		D5562D5F22D7E60D002E31E3 /* Resources */ = {
			isa = PBXResourcesBuildPhase;
			buildActionMask = 2147483647;
			files = (
			);
			runOnlyForDeploymentPostprocessing = 0;
		};
		D5562D6A22D7E60D002E31E3 /* Resources */ = {
			isa = PBXResourcesBuildPhase;
			buildActionMask = 2147483647;
			files = (
			);
			runOnlyForDeploymentPostprocessing = 0;
		};
/* End PBXResourcesBuildPhase section */

/* Begin PBXSourcesBuildPhase section */
		D5562D4622D7E60D002E31E3 /* Sources */ = {
			isa = PBXSourcesBuildPhase;
			buildActionMask = 2147483647;
			files = (
				D5562D5022D7E60D002E31E3 /* ViewController.swift in Sources */,
				D5562D5622D7E60D002E31E3 /* ToDoApp.xcdatamodeld in Sources */,
				D5562D4E22D7E60D002E31E3 /* AppDelegate.swift in Sources */,
			);
			runOnlyForDeploymentPostprocessing = 0;
		};
		D5562D5D22D7E60D002E31E3 /* Sources */ = {
			isa = PBXSourcesBuildPhase;
			buildActionMask = 2147483647;
			files = (
				D5562D6622D7E60D002E31E3 /* ToDoAppTests.swift in Sources */,
			);
			runOnlyForDeploymentPostprocessing = 0;
		};
		D5562D6822D7E60D002E31E3 /* Sources */ = {
			isa = PBXSourcesBuildPhase;
			buildActionMask = 2147483647;
			files = (
				D5562D7122D7E60D002E31E3 /* ToDoAppUITests.swift in Sources */,
			);
			runOnlyForDeploymentPostprocessing = 0;
		};
/* End PBXSourcesBuildPhase section */

/* Begin PBXTargetDependency section */
		D5562D6322D7E60D002E31E3 /* PBXTargetDependency */ = {
			isa = PBXTargetDependency;
			target = D5562D4922D7E60D002E31E3 /* ToDoApp */;
			targetProxy = D5562D6222D7E60D002E31E3 /* PBXContainerItemProxy */;
		};
		D5562D6E22D7E60D002E31E3 /* PBXTargetDependency */ = {
			isa = PBXTargetDependency;
			target = D5562D4922D7E60D002E31E3 /* ToDoApp */;
			targetProxy = D5562D6D22D7E60D002E31E3 /* PBXContainerItemProxy */;
		};
/* End PBXTargetDependency section */

/* Begin PBXVariantGroup section */
		D5562D5122D7E60D002E31E3 /* Main.storyboard */ = {
			isa = PBXVariantGroup;
			children = (
				D5562D5222D7E60D002E31E3 /* Base */,
			);
			name = Main.storyboard;
			sourceTree = "<group>";
		};
		D5562D5922D7E60D002E31E3 /* LaunchScreen.storyboard */ = {
			isa = PBXVariantGroup;
			children = (
				D5562D5A22D7E60D002E31E3 /* Base */,
			);
			name = LaunchScreen.storyboard;
			sourceTree = "<group>";
		};
/* End PBXVariantGroup section */

/* Begin XCBuildConfiguration section */
		D5562D7322D7E60D002E31E3 /* Debug */ = {
			isa = XCBuildConfiguration;
			buildSettings = {
				ALWAYS_SEARCH_USER_PATHS = NO;
				CLANG_ANALYZER_NONNULL = YES;
				CLANG_ANALYZER_NUMBER_OBJECT_CONVERSION = YES_AGGRESSIVE;
				CLANG_CXX_LANGUAGE_STANDARD = "gnu++14";
				CLANG_CXX_LIBRARY = "libc++";
				CLANG_ENABLE_MODULES = YES;
				CLANG_ENABLE_OBJC_ARC = YES;
				CLANG_ENABLE_OBJC_WEAK = YES;
				CLANG_WARN_BLOCK_CAPTURE_AUTORELEASING = YES;
				CLANG_WARN_BOOL_CONVERSION = YES;
				CLANG_WARN_COMMA = YES;
				CLANG_WARN_CONSTANT_CONVERSION = YES;
				CLANG_WARN_DEPRECATED_OBJC_IMPLEMENTATIONS = YES;
				CLANG_WARN_DIRECT_OBJC_ISA_USAGE = YES_ERROR;
				CLANG_WARN_DOCUMENTATION_COMMENTS = YES;
				CLANG_WARN_EMPTY_BODY = YES;
				CLANG_WARN_ENUM_CONVERSION = YES;
				CLANG_WARN_INFINITE_RECURSION = YES;
				CLANG_WARN_INT_CONVERSION = YES;
				CLANG_WARN_NON_LITERAL_NULL_CONVERSION = YES;
				CLANG_WARN_OBJC_IMPLICIT_RETAIN_SELF = YES;
				CLANG_WARN_OBJC_LITERAL_CONVERSION = YES;
				CLANG_WARN_OBJC_ROOT_CLASS = YES_ERROR;
				CLANG_WARN_RANGE_LOOP_ANALYSIS = YES;
				CLANG_WARN_STRICT_PROTOTYPES = YES;
				CLANG_WARN_SUSPICIOUS_MOVE = YES;
				CLANG_WARN_UNGUARDED_AVAILABILITY = YES_AGGRESSIVE;
				CLANG_WARN_UNREACHABLE_CODE = YES;
				CLANG_WARN__DUPLICATE_METHOD_MATCH = YES;
				CODE_SIGN_IDENTITY = "iPhone Developer";
				COPY_PHASE_STRIP = NO;
				DEBUG_INFORMATION_FORMAT = dwarf;
				ENABLE_STRICT_OBJC_MSGSEND = YES;
				ENABLE_TESTABILITY = YES;
				GCC_C_LANGUAGE_STANDARD = gnu11;
				GCC_DYNAMIC_NO_PIC = NO;
				GCC_NO_COMMON_BLOCKS = YES;
				GCC_OPTIMIZATION_LEVEL = 0;
				GCC_PREPROCESSOR_DEFINITIONS = (
					"DEBUG=1",
					"$(inherited)",
				);
				GCC_WARN_64_TO_32_BIT_CONVERSION = YES;
				GCC_WARN_ABOUT_RETURN_TYPE = YES_ERROR;
				GCC_WARN_UNDECLARED_SELECTOR = YES;
				GCC_WARN_UNINITIALIZED_AUTOS = YES_AGGRESSIVE;
				GCC_WARN_UNUSED_FUNCTION = YES;
				GCC_WARN_UNUSED_VARIABLE = YES;
				IPHONEOS_DEPLOYMENT_TARGET = 12.2;
				MTL_ENABLE_DEBUG_INFO = INCLUDE_SOURCE;
				MTL_FAST_MATH = YES;
				ONLY_ACTIVE_ARCH = YES;
				SDKROOT = iphoneos;
				SWIFT_ACTIVE_COMPILATION_CONDITIONS = DEBUG;
				SWIFT_OPTIMIZATION_LEVEL = "-Onone";
			};
			name = Debug;
		};
		D5562D7422D7E60D002E31E3 /* Release */ = {
			isa = XCBuildConfiguration;
			buildSettings = {
				ALWAYS_SEARCH_USER_PATHS = NO;
				CLANG_ANALYZER_NONNULL = YES;
				CLANG_ANALYZER_NUMBER_OBJECT_CONVERSION = YES_AGGRESSIVE;
				CLANG_CXX_LANGUAGE_STANDARD = "gnu++14";
				CLANG_CXX_LIBRARY = "libc++";
				CLANG_ENABLE_MODULES = YES;
				CLANG_ENABLE_OBJC_ARC = YES;
				CLANG_ENABLE_OBJC_WEAK = YES;
				CLANG_WARN_BLOCK_CAPTURE_AUTORELEASING = YES;
				CLANG_WARN_BOOL_CONVERSION = YES;
				CLANG_WARN_COMMA = YES;
				CLANG_WARN_CONSTANT_CONVERSION = YES;
				CLANG_WARN_DEPRECATED_OBJC_IMPLEMENTATIONS = YES;
				CLANG_WARN_DIRECT_OBJC_ISA_USAGE = YES_ERROR;
				CLANG_WARN_DOCUMENTATION_COMMENTS = YES;
				CLANG_WARN_EMPTY_BODY = YES;
				CLANG_WARN_ENUM_CONVERSION = YES;
				CLANG_WARN_INFINITE_RECURSION = YES;
				CLANG_WARN_INT_CONVERSION = YES;
				CLANG_WARN_NON_LITERAL_NULL_CONVERSION = YES;
				CLANG_WARN_OBJC_IMPLICIT_RETAIN_SELF = YES;
				CLANG_WARN_OBJC_LITERAL_CONVERSION = YES;
				CLANG_WARN_OBJC_ROOT_CLASS = YES_ERROR;
				CLANG_WARN_RANGE_LOOP_ANALYSIS = YES;
				CLANG_WARN_STRICT_PROTOTYPES = YES;
				CLANG_WARN_SUSPICIOUS_MOVE = YES;
				CLANG_WARN_UNGUARDED_AVAILABILITY = YES_AGGRESSIVE;
				CLANG_WARN_UNREACHABLE_CODE = YES;
				CLANG_WARN__DUPLICATE_METHOD_MATCH = YES;
				CODE_SIGN_IDENTITY = "iPhone Developer";
				COPY_PHASE_STRIP = NO;
				DEBUG_INFORMATION_FORMAT = "dwarf-with-dsym";
				ENABLE_NS_ASSERTIONS = NO;
				ENABLE_STRICT_OBJC_MSGSEND = YES;
				GCC_C_LANGUAGE_STANDARD = gnu11;
				GCC_NO_COMMON_BLOCKS = YES;
				GCC_WARN_64_TO_32_BIT_CONVERSION = YES;
				GCC_WARN_ABOUT_RETURN_TYPE = YES_ERROR;
				GCC_WARN_UNDECLARED_SELECTOR = YES;
				GCC_WARN_UNINITIALIZED_AUTOS = YES_AGGRESSIVE;
				GCC_WARN_UNUSED_FUNCTION = YES;
				GCC_WARN_UNUSED_VARIABLE = YES;
				IPHONEOS_DEPLOYMENT_TARGET = 12.2;
				MTL_ENABLE_DEBUG_INFO = NO;
				MTL_FAST_MATH = YES;
				SDKROOT = iphoneos;
				SWIFT_COMPILATION_MODE = wholemodule;
				SWIFT_OPTIMIZATION_LEVEL = "-O";
				VALIDATE_PRODUCT = YES;
			};
			name = Release;
		};
		D5562D7622D7E60D002E31E3 /* Debug */ = {
			isa = XCBuildConfiguration;
			buildSettings = {
				ASSETCATALOG_COMPILER_APPICON_NAME = AppIcon;
				CODE_SIGN_STYLE = Automatic;
				DEVELOPMENT_TEAM = 6N54P4PZYL;
				INFOPLIST_FILE = ToDoApp/Info.plist;
				LD_RUNPATH_SEARCH_PATHS = (
					"$(inherited)",
					"@executable_path/Frameworks",
				);
				PRODUCT_BUNDLE_IDENTIFIER = TDA.ToDoApp;
				PRODUCT_NAME = "$(TARGET_NAME)";
				SWIFT_VERSION = 5.0;
				TARGETED_DEVICE_FAMILY = "1,2";
			};
			name = Debug;
		};
		D5562D7722D7E60D002E31E3 /* Release */ = {
			isa = XCBuildConfiguration;
			buildSettings = {
				ASSETCATALOG_COMPILER_APPICON_NAME = AppIcon;
				CODE_SIGN_STYLE = Automatic;
				DEVELOPMENT_TEAM = 6N54P4PZYL;
				INFOPLIST_FILE = ToDoApp/Info.plist;
				LD_RUNPATH_SEARCH_PATHS = (
					"$(inherited)",
					"@executable_path/Frameworks",
				);
				PRODUCT_BUNDLE_IDENTIFIER = TDA.ToDoApp;
				PRODUCT_NAME = "$(TARGET_NAME)";
				SWIFT_VERSION = 5.0;
				TARGETED_DEVICE_FAMILY = "1,2";
			};
			name = Release;
		};
		D5562D7922D7E60D002E31E3 /* Debug */ = {
			isa = XCBuildConfiguration;
			buildSettings = {
				ALWAYS_EMBED_SWIFT_STANDARD_LIBRARIES = YES;
				BUNDLE_LOADER = "$(TEST_HOST)";
				CODE_SIGN_STYLE = Automatic;
				DEVELOPMENT_TEAM = 6N54P4PZYL;
				INFOPLIST_FILE = ToDoAppTests/Info.plist;
				LD_RUNPATH_SEARCH_PATHS = (
					"$(inherited)",
					"@executable_path/Frameworks",
					"@loader_path/Frameworks",
				);
				PRODUCT_BUNDLE_IDENTIFIER = TDA.ToDoAppTests;
				PRODUCT_NAME = "$(TARGET_NAME)";
				SWIFT_VERSION = 5.0;
				TARGETED_DEVICE_FAMILY = "1,2";
				TEST_HOST = "$(BUILT_PRODUCTS_DIR)/ToDoApp.app/ToDoApp";
			};
			name = Debug;
		};
		D5562D7A22D7E60D002E31E3 /* Release */ = {
			isa = XCBuildConfiguration;
			buildSettings = {
				ALWAYS_EMBED_SWIFT_STANDARD_LIBRARIES = YES;
				BUNDLE_LOADER = "$(TEST_HOST)";
				CODE_SIGN_STYLE = Automatic;
				DEVELOPMENT_TEAM = 6N54P4PZYL;
				INFOPLIST_FILE = ToDoAppTests/Info.plist;
				LD_RUNPATH_SEARCH_PATHS = (
					"$(inherited)",
					"@executable_path/Frameworks",
					"@loader_path/Frameworks",
				);
				PRODUCT_BUNDLE_IDENTIFIER = TDA.ToDoAppTests;
				PRODUCT_NAME = "$(TARGET_NAME)";
				SWIFT_VERSION = 5.0;
				TARGETED_DEVICE_FAMILY = "1,2";
				TEST_HOST = "$(BUILT_PRODUCTS_DIR)/ToDoApp.app/ToDoApp";
			};
			name = Release;
		};
		D5562D7C22D7E60D002E31E3 /* Debug */ = {
			isa = XCBuildConfiguration;
			buildSettings = {
				ALWAYS_EMBED_SWIFT_STANDARD_LIBRARIES = YES;
				CODE_SIGN_STYLE = Automatic;
				DEVELOPMENT_TEAM = 6N54P4PZYL;
				INFOPLIST_FILE = ToDoAppUITests/Info.plist;
				LD_RUNPATH_SEARCH_PATHS = (
					"$(inherited)",
					"@executable_path/Frameworks",
					"@loader_path/Frameworks",
				);
				PRODUCT_BUNDLE_IDENTIFIER = TDA.ToDoAppUITests;
				PRODUCT_NAME = "$(TARGET_NAME)";
				SWIFT_VERSION = 5.0;
				TARGETED_DEVICE_FAMILY = "1,2";
				TEST_TARGET_NAME = ToDoApp;
			};
			name = Debug;
		};
		D5562D7D22D7E60D002E31E3 /* Release */ = {
			isa = XCBuildConfiguration;
			buildSettings = {
				ALWAYS_EMBED_SWIFT_STANDARD_LIBRARIES = YES;
				CODE_SIGN_STYLE = Automatic;
				DEVELOPMENT_TEAM = 6N54P4PZYL;
				INFOPLIST_FILE = ToDoAppUITests/Info.plist;
				LD_RUNPATH_SEARCH_PATHS = (
					"$(inherited)",
					"@executable_path/Frameworks",
					"@loader_path/Frameworks",
				);
				PRODUCT_BUNDLE_IDENTIFIER = TDA.ToDoAppUITests;
				PRODUCT_NAME = "$(TARGET_NAME)";
				SWIFT_VERSION = 5.0;
				TARGETED_DEVICE_FAMILY = "1,2";
				TEST_TARGET_NAME = ToDoApp;
			};
			name = Release;
		};
/* End XCBuildConfiguration section */

/* Begin XCConfigurationList section */
		D5562D4522D7E60D002E31E3 /* Build configuration list for PBXProject "ToDoApp" */ = {
			isa = XCConfigurationList;
			buildConfigurations = (
				D5562D7322D7E60D002E31E3 /* Debug */,
				D5562D7422D7E60D002E31E3 /* Release */,
			);
			defaultConfigurationIsVisible = 0;
			defaultConfigurationName = Release;
		};
		D5562D7522D7E60D002E31E3 /* Build configuration list for PBXNativeTarget "ToDoApp" */ = {
			isa = XCConfigurationList;
			buildConfigurations = (
				D5562D7622D7E60D002E31E3 /* Debug */,
				D5562D7722D7E60D002E31E3 /* Release */,
			);
			defaultConfigurationIsVisible = 0;
			defaultConfigurationName = Release;
		};
		D5562D7822D7E60D002E31E3 /* Build configuration list for PBXNativeTarget "ToDoAppTests" */ = {
			isa = XCConfigurationList;
			buildConfigurations = (
				D5562D7922D7E60D002E31E3 /* Debug */,
				D5562D7A22D7E60D002E31E3 /* Release */,
			);
			defaultConfigurationIsVisible = 0;
			defaultConfigurationName = Release;
		};
		D5562D7B22D7E60D002E31E3 /* Build configuration list for PBXNativeTarget "ToDoAppUITests" */ = {
			isa = XCConfigurationList;
			buildConfigurations = (
				D5562D7C22D7E60D002E31E3 /* Debug */,
				D5562D7D22D7E60D002E31E3 /* Release */,
			);
			defaultConfigurationIsVisible = 0;
			defaultConfigurationName = Release;
		};
/* End XCConfigurationList section */

/* Begin XCVersionGroup section */
		D5562D5422D7E60D002E31E3 /* ToDoApp.xcdatamodeld */ = {
			isa = XCVersionGroup;
			children = (
				D5562D5522D7E60D002E31E3 /* ToDoApp.xcdatamodel */,
			);
			currentVersion = D5562D5522D7E60D002E31E3 /* ToDoApp.xcdatamodel */;
			path = ToDoApp.xcdatamodeld;
			sourceTree = "<group>";
			versionGroupType = wrapper.xcdatamodel;
		};
/* End XCVersionGroup section */
	};
	rootObject = D5562D4222D7E60D002E31E3 /* Project object */;
}
