// !$*UTF8*$!
{
	archiveVersion = 1;
	classes = {
	};
	objectVersion = 50;
	objects = {

/* Begin PBXBuildFile section */
		D5562D9322D8458C002E31E3 /* AppDelegate.swift in Sources */ = {isa = PBXBuildFile; fileRef = D5562D9222D8458C002E31E3 /* AppDelegate.swift */; };
		D5562D9822D8458C002E31E3 /* Main.storyboard in Resources */ = {isa = PBXBuildFile; fileRef = D5562D9622D8458C002E31E3 /* Main.storyboard */; };
		D5562D9B22D8458C002E31E3 /* ContactApp.xcdatamodeld in Sources */ = {isa = PBXBuildFile; fileRef = D5562D9922D8458C002E31E3 /* ContactApp.xcdatamodeld */; };
		D5562D9D22D8458D002E31E3 /* Assets.xcassets in Resources */ = {isa = PBXBuildFile; fileRef = D5562D9C22D8458D002E31E3 /* Assets.xcassets */; };
		D5562DA022D8458D002E31E3 /* LaunchScreen.storyboard in Resources */ = {isa = PBXBuildFile; fileRef = D5562D9E22D8458D002E31E3 /* LaunchScreen.storyboard */; };
		D5562DAB22D8458D002E31E3 /* ContactAppTests.swift in Sources */ = {isa = PBXBuildFile; fileRef = D5562DAA22D8458D002E31E3 /* ContactAppTests.swift */; };
		D5562DB622D8458D002E31E3 /* ContactAppUITests.swift in Sources */ = {isa = PBXBuildFile; fileRef = D5562DB522D8458D002E31E3 /* ContactAppUITests.swift */; };
		D5562DC422D85C6C002E31E3 /* ContactViewController.swift in Sources */ = {isa = PBXBuildFile; fileRef = D5562DC322D85C6C002E31E3 /* ContactViewController.swift */; };
		D5562DC622D85F3C002E31E3 /* SaveFile.swift in Sources */ = {isa = PBXBuildFile; fileRef = D5562DC522D85F3C002E31E3 /* SaveFile.swift */; };
		D5562DC922D86552002E31E3 /* Contact+CoreDataClass.swift in Sources */ = {isa = PBXBuildFile; fileRef = D5562DC722D86552002E31E3 /* Contact+CoreDataClass.swift */; };
		D5562DCA22D86552002E31E3 /* Contact+CoreDataProperties.swift in Sources */ = {isa = PBXBuildFile; fileRef = D5562DC822D86552002E31E3 /* Contact+CoreDataProperties.swift */; };
/* End PBXBuildFile section */

/* Begin PBXContainerItemProxy section */
		D5562DA722D8458D002E31E3 /* PBXContainerItemProxy */ = {
			isa = PBXContainerItemProxy;
			containerPortal = D5562D8722D8458C002E31E3 /* Project object */;
			proxyType = 1;
			remoteGlobalIDString = D5562D8E22D8458C002E31E3;
			remoteInfo = ContactApp;
		};
		D5562DB222D8458D002E31E3 /* PBXContainerItemProxy */ = {
			isa = PBXContainerItemProxy;
			containerPortal = D5562D8722D8458C002E31E3 /* Project object */;
			proxyType = 1;
			remoteGlobalIDString = D5562D8E22D8458C002E31E3;
			remoteInfo = ContactApp;
		};
/* End PBXContainerItemProxy section */

/* Begin PBXFileReference section */
		D5562D8F22D8458C002E31E3 /* ContactApp.app */ = {isa = PBXFileReference; explicitFileType = wrapper.application; includeInIndex = 0; path = ContactApp.app; sourceTree = BUILT_PRODUCTS_DIR; };
		D5562D9222D8458C002E31E3 /* AppDelegate.swift */ = {isa = PBXFileReference; lastKnownFileType = sourcecode.swift; path = AppDelegate.swift; sourceTree = "<group>"; };
		D5562D9722D8458C002E31E3 /* Base */ = {isa = PBXFileReference; lastKnownFileType = file.storyboard; name = Base; path = Base.lproj/Main.storyboard; sourceTree = "<group>"; };
		D5562D9A22D8458C002E31E3 /* ContactApp.xcdatamodel */ = {isa = PBXFileReference; lastKnownFileType = wrapper.xcdatamodel; path = ContactApp.xcdatamodel; sourceTree = "<group>"; };
		D5562D9C22D8458D002E31E3 /* Assets.xcassets */ = {isa = PBXFileReference; lastKnownFileType = folder.assetcatalog; path = Assets.xcassets; sourceTree = "<group>"; };
		D5562D9F22D8458D002E31E3 /* Base */ = {isa = PBXFileReference; lastKnownFileType = file.storyboard; name = Base; path = Base.lproj/LaunchScreen.storyboard; sourceTree = "<group>"; };
		D5562DA122D8458D002E31E3 /* Info.plist */ = {isa = PBXFileReference; lastKnownFileType = text.plist.xml; path = Info.plist; sourceTree = "<group>"; };
		D5562DA622D8458D002E31E3 /* ContactAppTests.xctest */ = {isa = PBXFileReference; explicitFileType = wrapper.cfbundle; includeInIndex = 0; path = ContactAppTests.xctest; sourceTree = BUILT_PRODUCTS_DIR; };
		D5562DAA22D8458D002E31E3 /* ContactAppTests.swift */ = {isa = PBXFileReference; lastKnownFileType = sourcecode.swift; path = ContactAppTests.swift; sourceTree = "<group>"; };
		D5562DAC22D8458D002E31E3 /* Info.plist */ = {isa = PBXFileReference; lastKnownFileType = text.plist.xml; path = Info.plist; sourceTree = "<group>"; };
		D5562DB122D8458D002E31E3 /* ContactAppUITests.xctest */ = {isa = PBXFileReference; explicitFileType = wrapper.cfbundle; includeInIndex = 0; path = ContactAppUITests.xctest; sourceTree = BUILT_PRODUCTS_DIR; };
		D5562DB522D8458D002E31E3 /* ContactAppUITests.swift */ = {isa = PBXFileReference; lastKnownFileType = sourcecode.swift; path = ContactAppUITests.swift; sourceTree = "<group>"; };
		D5562DB722D8458D002E31E3 /* Info.plist */ = {isa = PBXFileReference; lastKnownFileType = text.plist.xml; path = Info.plist; sourceTree = "<group>"; };
		D5562DC322D85C6C002E31E3 /* ContactViewController.swift */ = {isa = PBXFileReference; lastKnownFileType = sourcecode.swift; path = ContactViewController.swift; sourceTree = "<group>"; };
		D5562DC522D85F3C002E31E3 /* SaveFile.swift */ = {isa = PBXFileReference; lastKnownFileType = sourcecode.swift; path = SaveFile.swift; sourceTree = "<group>"; };
		D5562DC722D86552002E31E3 /* Contact+CoreDataClass.swift */ = {isa = PBXFileReference; lastKnownFileType = sourcecode.swift; path = "Contact+CoreDataClass.swift"; sourceTree = "<group>"; };
		D5562DC822D86552002E31E3 /* Contact+CoreDataProperties.swift */ = {isa = PBXFileReference; lastKnownFileType = sourcecode.swift; path = "Contact+CoreDataProperties.swift"; sourceTree = "<group>"; };
/* End PBXFileReference section */

/* Begin PBXFrameworksBuildPhase section */
		D5562D8C22D8458C002E31E3 /* Frameworks */ = {
			isa = PBXFrameworksBuildPhase;
			buildActionMask = 2147483647;
			files = (
			);
			runOnlyForDeploymentPostprocessing = 0;
		};
		D5562DA322D8458D002E31E3 /* Frameworks */ = {
			isa = PBXFrameworksBuildPhase;
			buildActionMask = 2147483647;
			files = (
			);
			runOnlyForDeploymentPostprocessing = 0;
		};
		D5562DAE22D8458D002E31E3 /* Frameworks */ = {
			isa = PBXFrameworksBuildPhase;
			buildActionMask = 2147483647;
			files = (
			);
			runOnlyForDeploymentPostprocessing = 0;
		};
/* End PBXFrameworksBuildPhase section */

/* Begin PBXGroup section */
		D5562D8622D8458C002E31E3 = {
			isa = PBXGroup;
			children = (
				D5562D9122D8458C002E31E3 /* ContactApp */,
				D5562DA922D8458D002E31E3 /* ContactAppTests */,
				D5562DB422D8458D002E31E3 /* ContactAppUITests */,
				D5562D9022D8458C002E31E3 /* Products */,
			);
			sourceTree = "<group>";
		};
		D5562D9022D8458C002E31E3 /* Products */ = {
			isa = PBXGroup;
			children = (
				D5562D8F22D8458C002E31E3 /* ContactApp.app */,
				D5562DA622D8458D002E31E3 /* ContactAppTests.xctest */,
				D5562DB122D8458D002E31E3 /* ContactAppUITests.xctest */,
			);
			name = Products;
			sourceTree = "<group>";
		};
		D5562D9122D8458C002E31E3 /* ContactApp */ = {
			isa = PBXGroup;
			children = (
				D5562DC722D86552002E31E3 /* Contact+CoreDataClass.swift */,
				D5562DC822D86552002E31E3 /* Contact+CoreDataProperties.swift */,
				D5562D9222D8458C002E31E3 /* AppDelegate.swift */,
				D5562D9622D8458C002E31E3 /* Main.storyboard */,
				D5562D9C22D8458D002E31E3 /* Assets.xcassets */,
				D5562D9E22D8458D002E31E3 /* LaunchScreen.storyboard */,
				D5562DA122D8458D002E31E3 /* Info.plist */,
				D5562D9922D8458C002E31E3 /* ContactApp.xcdatamodeld */,
				D5562DC322D85C6C002E31E3 /* ContactViewController.swift */,
				D5562DC522D85F3C002E31E3 /* SaveFile.swift */,
			);
			path = ContactApp;
			sourceTree = "<group>";
		};
		D5562DA922D8458D002E31E3 /* ContactAppTests */ = {
			isa = PBXGroup;
			children = (
				D5562DAA22D8458D002E31E3 /* ContactAppTests.swift */,
				D5562DAC22D8458D002E31E3 /* Info.plist */,
			);
			path = ContactAppTests;
			sourceTree = "<group>";
		};
		D5562DB422D8458D002E31E3 /* ContactAppUITests */ = {
			isa = PBXGroup;
			children = (
				D5562DB522D8458D002E31E3 /* ContactAppUITests.swift */,
				D5562DB722D8458D002E31E3 /* Info.plist */,
			);
			path = ContactAppUITests;
			sourceTree = "<group>";
		};
/* End PBXGroup section */

/* Begin PBXNativeTarget section */
		D5562D8E22D8458C002E31E3 /* ContactApp */ = {
			isa = PBXNativeTarget;
			buildConfigurationList = D5562DBA22D8458D002E31E3 /* Build configuration list for PBXNativeTarget "ContactApp" */;
			buildPhases = (
				D5562D8B22D8458C002E31E3 /* Sources */,
				D5562D8C22D8458C002E31E3 /* Frameworks */,
				D5562D8D22D8458C002E31E3 /* Resources */,
			);
			buildRules = (
			);
			dependencies = (
			);
			name = ContactApp;
			productName = ContactApp;
			productReference = D5562D8F22D8458C002E31E3 /* ContactApp.app */;
			productType = "com.apple.product-type.application";
		};
		D5562DA522D8458D002E31E3 /* ContactAppTests */ = {
			isa = PBXNativeTarget;
			buildConfigurationList = D5562DBD22D8458D002E31E3 /* Build configuration list for PBXNativeTarget "ContactAppTests" */;
			buildPhases = (
				D5562DA222D8458D002E31E3 /* Sources */,
				D5562DA322D8458D002E31E3 /* Frameworks */,
				D5562DA422D8458D002E31E3 /* Resources */,
			);
			buildRules = (
			);
			dependencies = (
				D5562DA822D8458D002E31E3 /* PBXTargetDependency */,
			);
			name = ContactAppTests;
			productName = ContactAppTests;
			productReference = D5562DA622D8458D002E31E3 /* ContactAppTests.xctest */;
			productType = "com.apple.product-type.bundle.unit-test";
		};
		D5562DB022D8458D002E31E3 /* ContactAppUITests */ = {
			isa = PBXNativeTarget;
			buildConfigurationList = D5562DC022D8458D002E31E3 /* Build configuration list for PBXNativeTarget "ContactAppUITests" */;
			buildPhases = (
				D5562DAD22D8458D002E31E3 /* Sources */,
				D5562DAE22D8458D002E31E3 /* Frameworks */,
				D5562DAF22D8458D002E31E3 /* Resources */,
			);
			buildRules = (
			);
			dependencies = (
				D5562DB322D8458D002E31E3 /* PBXTargetDependency */,
			);
			name = ContactAppUITests;
			productName = ContactAppUITests;
			productReference = D5562DB122D8458D002E31E3 /* ContactAppUITests.xctest */;
			productType = "com.apple.product-type.bundle.ui-testing";
		};
/* End PBXNativeTarget section */

/* Begin PBXProject section */
		D5562D8722D8458C002E31E3 /* Project object */ = {
			isa = PBXProject;
			attributes = {
				LastSwiftUpdateCheck = 1020;
				LastUpgradeCheck = 1020;
				ORGANIZATIONNAME = "Megan Wilson";
				TargetAttributes = {
					D5562D8E22D8458C002E31E3 = {
						CreatedOnToolsVersion = 10.2.1;
					};
					D5562DA522D8458D002E31E3 = {
						CreatedOnToolsVersion = 10.2.1;
						TestTargetID = D5562D8E22D8458C002E31E3;
					};
					D5562DB022D8458D002E31E3 = {
						CreatedOnToolsVersion = 10.2.1;
						TestTargetID = D5562D8E22D8458C002E31E3;
					};
				};
			};
			buildConfigurationList = D5562D8A22D8458C002E31E3 /* Build configuration list for PBXProject "ContactApp" */;
			compatibilityVersion = "Xcode 9.3";
			developmentRegion = en;
			hasScannedForEncodings = 0;
			knownRegions = (
				en,
				Base,
			);
			mainGroup = D5562D8622D8458C002E31E3;
			productRefGroup = D5562D9022D8458C002E31E3 /* Products */;
			projectDirPath = "";
			projectRoot = "";
			targets = (
				D5562D8E22D8458C002E31E3 /* ContactApp */,
				D5562DA522D8458D002E31E3 /* ContactAppTests */,
				D5562DB022D8458D002E31E3 /* ContactAppUITests */,
			);
		};
/* End PBXProject section */

/* Begin PBXResourcesBuildPhase section */
		D5562D8D22D8458C002E31E3 /* Resources */ = {
			isa = PBXResourcesBuildPhase;
			buildActionMask = 2147483647;
			files = (
				D5562DA022D8458D002E31E3 /* LaunchScreen.storyboard in Resources */,
				D5562D9D22D8458D002E31E3 /* Assets.xcassets in Resources */,
				D5562D9822D8458C002E31E3 /* Main.storyboard in Resources */,
			);
			runOnlyForDeploymentPostprocessing = 0;
		};
		D5562DA422D8458D002E31E3 /* Resources */ = {
			isa = PBXResourcesBuildPhase;
			buildActionMask = 2147483647;
			files = (
			);
			runOnlyForDeploymentPostprocessing = 0;
		};
		D5562DAF22D8458D002E31E3 /* Resources */ = {
			isa = PBXResourcesBuildPhase;
			buildActionMask = 2147483647;
			files = (
			);
			runOnlyForDeploymentPostprocessing = 0;
		};
/* End PBXResourcesBuildPhase section */

/* Begin PBXSourcesBuildPhase section */
		D5562D8B22D8458C002E31E3 /* Sources */ = {
			isa = PBXSourcesBuildPhase;
			buildActionMask = 2147483647;
			files = (
				D5562DCA22D86552002E31E3 /* Contact+CoreDataProperties.swift in Sources */,
				D5562DC622D85F3C002E31E3 /* SaveFile.swift in Sources */,
				D5562D9B22D8458C002E31E3 /* ContactApp.xcdatamodeld in Sources */,
				D5562D9322D8458C002E31E3 /* AppDelegate.swift in Sources */,
				D5562DC422D85C6C002E31E3 /* ContactViewController.swift in Sources */,
				D5562DC922D86552002E31E3 /* Contact+CoreDataClass.swift in Sources */,
			);
			runOnlyForDeploymentPostprocessing = 0;
		};
		D5562DA222D8458D002E31E3 /* Sources */ = {
			isa = PBXSourcesBuildPhase;
			buildActionMask = 2147483647;
			files = (
				D5562DAB22D8458D002E31E3 /* ContactAppTests.swift in Sources */,
			);
			runOnlyForDeploymentPostprocessing = 0;
		};
		D5562DAD22D8458D002E31E3 /* Sources */ = {
			isa = PBXSourcesBuildPhase;
			buildActionMask = 2147483647;
			files = (
				D5562DB622D8458D002E31E3 /* ContactAppUITests.swift in Sources */,
			);
			runOnlyForDeploymentPostprocessing = 0;
		};
/* End PBXSourcesBuildPhase section */

/* Begin PBXTargetDependency section */
		D5562DA822D8458D002E31E3 /* PBXTargetDependency */ = {
			isa = PBXTargetDependency;
			target = D5562D8E22D8458C002E31E3 /* ContactApp */;
			targetProxy = D5562DA722D8458D002E31E3 /* PBXContainerItemProxy */;
		};
		D5562DB322D8458D002E31E3 /* PBXTargetDependency */ = {
			isa = PBXTargetDependency;
			target = D5562D8E22D8458C002E31E3 /* ContactApp */;
			targetProxy = D5562DB222D8458D002E31E3 /* PBXContainerItemProxy */;
		};
/* End PBXTargetDependency section */

/* Begin PBXVariantGroup section */
		D5562D9622D8458C002E31E3 /* Main.storyboard */ = {
			isa = PBXVariantGroup;
			children = (
				D5562D9722D8458C002E31E3 /* Base */,
			);
			name = Main.storyboard;
			sourceTree = "<group>";
		};
		D5562D9E22D8458D002E31E3 /* LaunchScreen.storyboard */ = {
			isa = PBXVariantGroup;
			children = (
				D5562D9F22D8458D002E31E3 /* Base */,
			);
			name = LaunchScreen.storyboard;
			sourceTree = "<group>";
		};
/* End PBXVariantGroup section */

/* Begin XCBuildConfiguration section */
		D5562DB822D8458D002E31E3 /* Debug */ = {
			isa = XCBuildConfiguration;
			buildSettings = {
				ALWAYS_SEARCH_USER_PATHS = NO;
				CLANG_ANALYZER_NONNULL = YES;
				CLANG_ANALYZER_NUMBER_OBJECT_CONVERSION = YES_AGGRESSIVE;
				CLANG_CXX_LANGUAGE_STANDARD = "gnu++14";
				CLANG_CXX_LIBRARY = "libc++";
				CLANG_ENABLE_MODULES = YES;
				CLANG_ENABLE_OBJC_ARC = YES;
				CLANG_ENABLE_OBJC_WEAK = YES;
				CLANG_WARN_BLOCK_CAPTURE_AUTORELEASING = YES;
				CLANG_WARN_BOOL_CONVERSION = YES;
				CLANG_WARN_COMMA = YES;
				CLANG_WARN_CONSTANT_CONVERSION = YES;
				CLANG_WARN_DEPRECATED_OBJC_IMPLEMENTATIONS = YES;
				CLANG_WARN_DIRECT_OBJC_ISA_USAGE = YES_ERROR;
				CLANG_WARN_DOCUMENTATION_COMMENTS = YES;
				CLANG_WARN_EMPTY_BODY = YES;
				CLANG_WARN_ENUM_CONVERSION = YES;
				CLANG_WARN_INFINITE_RECURSION = YES;
				CLANG_WARN_INT_CONVERSION = YES;
				CLANG_WARN_NON_LITERAL_NULL_CONVERSION = YES;
				CLANG_WARN_OBJC_IMPLICIT_RETAIN_SELF = YES;
				CLANG_WARN_OBJC_LITERAL_CONVERSION = YES;
				CLANG_WARN_OBJC_ROOT_CLASS = YES_ERROR;
				CLANG_WARN_RANGE_LOOP_ANALYSIS = YES;
				CLANG_WARN_STRICT_PROTOTYPES = YES;
				CLANG_WARN_SUSPICIOUS_MOVE = YES;
				CLANG_WARN_UNGUARDED_AVAILABILITY = YES_AGGRESSIVE;
				CLANG_WARN_UNREACHABLE_CODE = YES;
				CLANG_WARN__DUPLICATE_METHOD_MATCH = YES;
				CODE_SIGN_IDENTITY = "iPhone Developer";
				COPY_PHASE_STRIP = NO;
				DEBUG_INFORMATION_FORMAT = dwarf;
				ENABLE_STRICT_OBJC_MSGSEND = YES;
				ENABLE_TESTABILITY = YES;
				GCC_C_LANGUAGE_STANDARD = gnu11;
				GCC_DYNAMIC_NO_PIC = NO;
				GCC_NO_COMMON_BLOCKS = YES;
				GCC_OPTIMIZATION_LEVEL = 0;
				GCC_PREPROCESSOR_DEFINITIONS = (
					"DEBUG=1",
					"$(inherited)",
				);
				GCC_WARN_64_TO_32_BIT_CONVERSION = YES;
				GCC_WARN_ABOUT_RETURN_TYPE = YES_ERROR;
				GCC_WARN_UNDECLARED_SELECTOR = YES;
				GCC_WARN_UNINITIALIZED_AUTOS = YES_AGGRESSIVE;
				GCC_WARN_UNUSED_FUNCTION = YES;
				GCC_WARN_UNUSED_VARIABLE = YES;
				IPHONEOS_DEPLOYMENT_TARGET = 12.2;
				MTL_ENABLE_DEBUG_INFO = INCLUDE_SOURCE;
				MTL_FAST_MATH = YES;
				ONLY_ACTIVE_ARCH = YES;
				SDKROOT = iphoneos;
				SWIFT_ACTIVE_COMPILATION_CONDITIONS = DEBUG;
				SWIFT_OPTIMIZATION_LEVEL = "-Onone";
			};
			name = Debug;
		};
		D5562DB922D8458D002E31E3 /* Release */ = {
			isa = XCBuildConfiguration;
			buildSettings = {
				ALWAYS_SEARCH_USER_PATHS = NO;
				CLANG_ANALYZER_NONNULL = YES;
				CLANG_ANALYZER_NUMBER_OBJECT_CONVERSION = YES_AGGRESSIVE;
				CLANG_CXX_LANGUAGE_STANDARD = "gnu++14";
				CLANG_CXX_LIBRARY = "libc++";
				CLANG_ENABLE_MODULES = YES;
				CLANG_ENABLE_OBJC_ARC = YES;
				CLANG_ENABLE_OBJC_WEAK = YES;
				CLANG_WARN_BLOCK_CAPTURE_AUTORELEASING = YES;
				CLANG_WARN_BOOL_CONVERSION = YES;
				CLANG_WARN_COMMA = YES;
				CLANG_WARN_CONSTANT_CONVERSION = YES;
				CLANG_WARN_DEPRECATED_OBJC_IMPLEMENTATIONS = YES;
				CLANG_WARN_DIRECT_OBJC_ISA_USAGE = YES_ERROR;
				CLANG_WARN_DOCUMENTATION_COMMENTS = YES;
				CLANG_WARN_EMPTY_BODY = YES;
				CLANG_WARN_ENUM_CONVERSION = YES;
				CLANG_WARN_INFINITE_RECURSION = YES;
				CLANG_WARN_INT_CONVERSION = YES;
				CLANG_WARN_NON_LITERAL_NULL_CONVERSION = YES;
				CLANG_WARN_OBJC_IMPLICIT_RETAIN_SELF = YES;
				CLANG_WARN_OBJC_LITERAL_CONVERSION = YES;
				CLANG_WARN_OBJC_ROOT_CLASS = YES_ERROR;
				CLANG_WARN_RANGE_LOOP_ANALYSIS = YES;
				CLANG_WARN_STRICT_PROTOTYPES = YES;
				CLANG_WARN_SUSPICIOUS_MOVE = YES;
				CLANG_WARN_UNGUARDED_AVAILABILITY = YES_AGGRESSIVE;
				CLANG_WARN_UNREACHABLE_CODE = YES;
				CLANG_WARN__DUPLICATE_METHOD_MATCH = YES;
				CODE_SIGN_IDENTITY = "iPhone Developer";
				COPY_PHASE_STRIP = NO;
				DEBUG_INFORMATION_FORMAT = "dwarf-with-dsym";
				ENABLE_NS_ASSERTIONS = NO;
				ENABLE_STRICT_OBJC_MSGSEND = YES;
				GCC_C_LANGUAGE_STANDARD = gnu11;
				GCC_NO_COMMON_BLOCKS = YES;
				GCC_WARN_64_TO_32_BIT_CONVERSION = YES;
				GCC_WARN_ABOUT_RETURN_TYPE = YES_ERROR;
				GCC_WARN_UNDECLARED_SELECTOR = YES;
				GCC_WARN_UNINITIALIZED_AUTOS = YES_AGGRESSIVE;
				GCC_WARN_UNUSED_FUNCTION = YES;
				GCC_WARN_UNUSED_VARIABLE = YES;
				IPHONEOS_DEPLOYMENT_TARGET = 12.2;
				MTL_ENABLE_DEBUG_INFO = NO;
				MTL_FAST_MATH = YES;
				SDKROOT = iphoneos;
				SWIFT_COMPILATION_MODE = wholemodule;
				SWIFT_OPTIMIZATION_LEVEL = "-O";
				VALIDATE_PRODUCT = YES;
			};
			name = Release;
		};
		D5562DBB22D8458D002E31E3 /* Debug */ = {
			isa = XCBuildConfiguration;
			buildSettings = {
				ASSETCATALOG_COMPILER_APPICON_NAME = AppIcon;
				CODE_SIGN_STYLE = Automatic;
				DEVELOPMENT_TEAM = 6N54P4PZYL;
				INFOPLIST_FILE = ContactApp/Info.plist;
				LD_RUNPATH_SEARCH_PATHS = (
					"$(inherited)",
					"@executable_path/Frameworks",
				);
				PRODUCT_BUNDLE_IDENTIFIER = CApp.ContactApp;
				PRODUCT_NAME = "$(TARGET_NAME)";
				SWIFT_VERSION = 5.0;
				TARGETED_DEVICE_FAMILY = "1,2";
			};
			name = Debug;
		};
		D5562DBC22D8458D002E31E3 /* Release */ = {
			isa = XCBuildConfiguration;
			buildSettings = {
				ASSETCATALOG_COMPILER_APPICON_NAME = AppIcon;
				CODE_SIGN_STYLE = Automatic;
				DEVELOPMENT_TEAM = 6N54P4PZYL;
				INFOPLIST_FILE = ContactApp/Info.plist;
				LD_RUNPATH_SEARCH_PATHS = (
					"$(inherited)",
					"@executable_path/Frameworks",
				);
				PRODUCT_BUNDLE_IDENTIFIER = CApp.ContactApp;
				PRODUCT_NAME = "$(TARGET_NAME)";
				SWIFT_VERSION = 5.0;
				TARGETED_DEVICE_FAMILY = "1,2";
			};
			name = Release;
		};
		D5562DBE22D8458D002E31E3 /* Debug */ = {
			isa = XCBuildConfiguration;
			buildSettings = {
				ALWAYS_EMBED_SWIFT_STANDARD_LIBRARIES = YES;
				BUNDLE_LOADER = "$(TEST_HOST)";
				CODE_SIGN_STYLE = Automatic;
				DEVELOPMENT_TEAM = 6N54P4PZYL;
				INFOPLIST_FILE = ContactAppTests/Info.plist;
				LD_RUNPATH_SEARCH_PATHS = (
					"$(inherited)",
					"@executable_path/Frameworks",
					"@loader_path/Frameworks",
				);
				PRODUCT_BUNDLE_IDENTIFIER = CApp.ContactAppTests;
				PRODUCT_NAME = "$(TARGET_NAME)";
				SWIFT_VERSION = 5.0;
				TARGETED_DEVICE_FAMILY = "1,2";
				TEST_HOST = "$(BUILT_PRODUCTS_DIR)/ContactApp.app/ContactApp";
			};
			name = Debug;
		};
		D5562DBF22D8458D002E31E3 /* Release */ = {
			isa = XCBuildConfiguration;
			buildSettings = {
				ALWAYS_EMBED_SWIFT_STANDARD_LIBRARIES = YES;
				BUNDLE_LOADER = "$(TEST_HOST)";
				CODE_SIGN_STYLE = Automatic;
				DEVELOPMENT_TEAM = 6N54P4PZYL;
				INFOPLIST_FILE = ContactAppTests/Info.plist;
				LD_RUNPATH_SEARCH_PATHS = (
					"$(inherited)",
					"@executable_path/Frameworks",
					"@loader_path/Frameworks",
				);
				PRODUCT_BUNDLE_IDENTIFIER = CApp.ContactAppTests;
				PRODUCT_NAME = "$(TARGET_NAME)";
				SWIFT_VERSION = 5.0;
				TARGETED_DEVICE_FAMILY = "1,2";
				TEST_HOST = "$(BUILT_PRODUCTS_DIR)/ContactApp.app/ContactApp";
			};
			name = Release;
		};
		D5562DC122D8458D002E31E3 /* Debug */ = {
			isa = XCBuildConfiguration;
			buildSettings = {
				ALWAYS_EMBED_SWIFT_STANDARD_LIBRARIES = YES;
				CODE_SIGN_STYLE = Automatic;
				DEVELOPMENT_TEAM = 6N54P4PZYL;
				INFOPLIST_FILE = ContactAppUITests/Info.plist;
				LD_RUNPATH_SEARCH_PATHS = (
					"$(inherited)",
					"@executable_path/Frameworks",
					"@loader_path/Frameworks",
				);
				PRODUCT_BUNDLE_IDENTIFIER = CApp.ContactAppUITests;
				PRODUCT_NAME = "$(TARGET_NAME)";
				SWIFT_VERSION = 5.0;
				TARGETED_DEVICE_FAMILY = "1,2";
				TEST_TARGET_NAME = ContactApp;
			};
			name = Debug;
		};
		D5562DC222D8458D002E31E3 /* Release */ = {
			isa = XCBuildConfiguration;
			buildSettings = {
				ALWAYS_EMBED_SWIFT_STANDARD_LIBRARIES = YES;
				CODE_SIGN_STYLE = Automatic;
				DEVELOPMENT_TEAM = 6N54P4PZYL;
				INFOPLIST_FILE = ContactAppUITests/Info.plist;
				LD_RUNPATH_SEARCH_PATHS = (
					"$(inherited)",
					"@executable_path/Frameworks",
					"@loader_path/Frameworks",
				);
				PRODUCT_BUNDLE_IDENTIFIER = CApp.ContactAppUITests;
				PRODUCT_NAME = "$(TARGET_NAME)";
				SWIFT_VERSION = 5.0;
				TARGETED_DEVICE_FAMILY = "1,2";
				TEST_TARGET_NAME = ContactApp;
			};
			name = Release;
		};
/* End XCBuildConfiguration section */

/* Begin XCConfigurationList section */
		D5562D8A22D8458C002E31E3 /* Build configuration list for PBXProject "ContactApp" */ = {
			isa = XCConfigurationList;
			buildConfigurations = (
				D5562DB822D8458D002E31E3 /* Debug */,
				D5562DB922D8458D002E31E3 /* Release */,
			);
			defaultConfigurationIsVisible = 0;
			defaultConfigurationName = Release;
		};
		D5562DBA22D8458D002E31E3 /* Build configuration list for PBXNativeTarget "ContactApp" */ = {
			isa = XCConfigurationList;
			buildConfigurations = (
				D5562DBB22D8458D002E31E3 /* Debug */,
				D5562DBC22D8458D002E31E3 /* Release */,
			);
			defaultConfigurationIsVisible = 0;
			defaultConfigurationName = Release;
		};
		D5562DBD22D8458D002E31E3 /* Build configuration list for PBXNativeTarget "ContactAppTests" */ = {
			isa = XCConfigurationList;
			buildConfigurations = (
				D5562DBE22D8458D002E31E3 /* Debug */,
				D5562DBF22D8458D002E31E3 /* Release */,
			);
			defaultConfigurationIsVisible = 0;
			defaultConfigurationName = Release;
		};
		D5562DC022D8458D002E31E3 /* Build configuration list for PBXNativeTarget "ContactAppUITests" */ = {
			isa = XCConfigurationList;
			buildConfigurations = (
				D5562DC122D8458D002E31E3 /* Debug */,
				D5562DC222D8458D002E31E3 /* Release */,
			);
			defaultConfigurationIsVisible = 0;
			defaultConfigurationName = Release;
		};
/* End XCConfigurationList section */

/* Begin XCVersionGroup section */
		D5562D9922D8458C002E31E3 /* ContactApp.xcdatamodeld */ = {
			isa = XCVersionGroup;
			children = (
				D5562D9A22D8458C002E31E3 /* ContactApp.xcdatamodel */,
			);
			currentVersion = D5562D9A22D8458C002E31E3 /* ContactApp.xcdatamodel */;
			path = ContactApp.xcdatamodeld;
			sourceTree = "<group>";
			versionGroupType = wrapper.xcdatamodel;
		};
/* End XCVersionGroup section */
	};
	rootObject = D5562D8722D8458C002E31E3 /* Project object */;
}
